
Microsoft Visual Studio Solution File, Format Version 12.00
# Visual Studio Version 17
VisualStudioVersion = 17.5.33502.453
MinimumVisualStudioVersion = 10.0.40219.1
Project("{9A19103F-16F7-4668-BE54-9A1E7A4F7556}") = "RemoteClient", "RemoteClient\RemoteClient.csproj", "{FB0AB0E0-F021-45CC-BCBF-E2B5BB675C2C}"
EndProject
Project("{9A19103F-16F7-4668-BE54-9A1E7A4F7556}") = "RemoteClient.Core", "RemoteClient.Core\RemoteClient.Core.csproj", "{B8E0DB97-4E0F-4EE6-88BF-D4E2320BFCF8}"
EndProject
Project("{FAE04EC0-301F-11D3-BF4B-00C04F79EFBC}") = "RemoteClient.UnitTest", "RemoteClient.UnitTest\RemoteClient.UnitTest.csproj", "{A59DA8CE-8655-47A1-AFC3-CD40FB0B0E01}"
EndProject
Global
	GlobalSection(SolutionConfigurationPlatforms) = preSolution
		Debug|Any CPU = Debug|Any CPU
		Release|Any CPU = Release|Any CPU
	EndGlobalSection
	GlobalSection(ProjectConfigurationPlatforms) = postSolution
		{FB0AB0E0-F021-45CC-BCBF-E2B5BB675C2C}.Debug|Any CPU.ActiveCfg = Debug|Any CPU
		{FB0AB0E0-F021-45CC-BCBF-E2B5BB675C2C}.Debug|Any CPU.Build.0 = Debug|Any CPU
		{FB0AB0E0-F021-45CC-BCBF-E2B5BB675C2C}.Release|Any CPU.ActiveCfg = Release|Any CPU
		{FB0AB0E0-F021-45CC-BCBF-E2B5BB675C2C}.Release|Any CPU.Build.0 = Release|Any CPU
		{B8E0DB97-4E0F-4EE6-88BF-D4E2320BFCF8}.Debug|Any CPU.ActiveCfg = Debug|Any CPU
		{B8E0DB97-4E0F-4EE6-88BF-D4E2320BFCF8}.Debug|Any CPU.Build.0 = Debug|Any CPU
		{B8E0DB97-4E0F-4EE6-88BF-D4E2320BFCF8}.Release|Any CPU.ActiveCfg = Release|Any CPU
		{B8E0DB97-4E0F-4EE6-88BF-D4E2320BFCF8}.Release|Any CPU.Build.0 = Release|Any CPU
		{A59DA8CE-8655-47A1-AFC3-CD40FB0B0E01}.Debug|Any CPU.ActiveCfg = Debug|Any CPU
		{A59DA8CE-8655-47A1-AFC3-CD40FB0B0E01}.Debug|Any CPU.Build.0 = Debug|Any CPU
		{A59DA8CE-8655-47A1-AFC3-CD40FB0B0E01}.Release|Any CPU.ActiveCfg = Release|Any CPU
		{A59DA8CE-8655-47A1-AFC3-CD40FB0B0E01}.Release|Any CPU.Build.0 = Release|Any CPU
	EndGlobalSection
	GlobalSection(SolutionProperties) = preSolution
		HideSolutionNode = FALSE
	EndGlobalSection
	GlobalSection(ExtensibilityGlobals) = postSolution
		SolutionGuid = {34A3DD5F-1908-493F-96C7-836C12138E0C}
	EndGlobalSection
EndGlobal
